
Microsoft Visual Studio Solution File, Format Version 12.00
# Visual Studio Version 17
VisualStudioVersion = 17.5.33414.496
MinimumVisualStudioVersion = 10.0.40219.1
Project("{9A19103F-16F7-4668-BE54-9A1E7A4F7556}") = "ApiMendis", "ApiMendis\ApiMendis.csproj", "{49D5DC07-6838-4DF0-89EC-744C1B1B84D1}"
EndProject
Project("{9A19103F-16F7-4668-BE54-9A1E7A4F7556}") = "ApiMendisTests", "ApiMendisTests\ApiMendisTests.csproj", "{E0323FD9-EC71-4F98-962F-A51C81422CFE}"
EndProject
Project("{E53339B2-1760-4266-BCC7-CA923CBCF16C}") = "docker-compose", "docker-compose.dcproj", "{8B5AE8E4-8D2F-4D86-B801-2B5FCA43E644}"
EndProject
Global
	GlobalSection(SolutionConfigurationPlatforms) = preSolution
		Debug|Any CPU = Debug|Any CPU
		Release|Any CPU = Release|Any CPU
	EndGlobalSection
	GlobalSection(ProjectConfigurationPlatforms) = postSolution
		{49D5DC07-6838-4DF0-89EC-744C1B1B84D1}.Debug|Any CPU.ActiveCfg = Debug|Any CPU
		{49D5DC07-6838-4DF0-89EC-744C1B1B84D1}.Debug|Any CPU.Build.0 = Debug|Any CPU
		{49D5DC07-6838-4DF0-89EC-744C1B1B84D1}.Release|Any CPU.ActiveCfg = Release|Any CPU
		{49D5DC07-6838-4DF0-89EC-744C1B1B84D1}.Release|Any CPU.Build.0 = Release|Any CPU
		{E0323FD9-EC71-4F98-962F-A51C81422CFE}.Debug|Any CPU.ActiveCfg = Debug|Any CPU
		{E0323FD9-EC71-4F98-962F-A51C81422CFE}.Debug|Any CPU.Build.0 = Debug|Any CPU
		{E0323FD9-EC71-4F98-962F-A51C81422CFE}.Release|Any CPU.ActiveCfg = Release|Any CPU
		{E0323FD9-EC71-4F98-962F-A51C81422CFE}.Release|Any CPU.Build.0 = Release|Any CPU
		{8B5AE8E4-8D2F-4D86-B801-2B5FCA43E644}.Debug|Any CPU.ActiveCfg = Debug|Any CPU
		{8B5AE8E4-8D2F-4D86-B801-2B5FCA43E644}.Debug|Any CPU.Build.0 = Debug|Any CPU
		{8B5AE8E4-8D2F-4D86-B801-2B5FCA43E644}.Release|Any CPU.ActiveCfg = Release|Any CPU
		{8B5AE8E4-8D2F-4D86-B801-2B5FCA43E644}.Release|Any CPU.Build.0 = Release|Any CPU
	EndGlobalSection
	GlobalSection(SolutionProperties) = preSolution
		HideSolutionNode = FALSE
	EndGlobalSection
	GlobalSection(ExtensibilityGlobals) = postSolution
		SolutionGuid = {7F114450-E750-48FA-AEAE-0EB395D73901}
	EndGlobalSection
EndGlobal
